// !$*UTF8*$!
{
	archiveVersion = 1;
	classes = {
	};
	objectVersion = 77;
	objects = {

/* Begin PBXBuildFile section */
		481C801D2D9E5C07002B5347 /* FirebaseAuth in Frameworks */ = {isa = PBXBuildFile; productRef = 481C801C2D9E5C07002B5347 /* FirebaseAuth */; };
		481C801F2D9E5C15002B5347 /* FirebaseFirestore in Frameworks */ = {isa = PBXBuildFile; productRef = 481C801E2D9E5C15002B5347 /* FirebaseFirestore */; };
		481C80212D9E5C3C002B5347 /* FirebaseStorage in Frameworks */ = {isa = PBXBuildFile; productRef = 481C80202D9E5C3C002B5347 /* FirebaseStorage */; };
/* End PBXBuildFile section */

/* Begin PBXContainerItemProxy section */
		481C7F732D98B234002B5347 /* PBXContainerItemProxy */ = {
			isa = PBXContainerItemProxy;
			containerPortal = 481C7F5A2D98B22B002B5347 /* Project object */;
			proxyType = 1;
			remoteGlobalIDString = 481C7F612D98B22B002B5347;
			remoteInfo = Layer;
		};
		481C7F7D2D98B234002B5347 /* PBXContainerItemProxy */ = {
			isa = PBXContainerItemProxy;
			containerPortal = 481C7F5A2D98B22B002B5347 /* Project object */;
			proxyType = 1;
			remoteGlobalIDString = 481C7F612D98B22B002B5347;
			remoteInfo = Layer;
		};
/* End PBXContainerItemProxy section */

/* Begin PBXFileReference section */
		481C7F622D98B22B002B5347 /* Layer.app */ = {isa = PBXFileReference; explicitFileType = wrapper.application; includeInIndex = 0; path = Layer.app; sourceTree = BUILT_PRODUCTS_DIR; };
		481C7F722D98B234002B5347 /* LayerTests.xctest */ = {isa = PBXFileReference; explicitFileType = wrapper.cfbundle; includeInIndex = 0; path = LayerTests.xctest; sourceTree = BUILT_PRODUCTS_DIR; };
		481C7F7C2D98B234002B5347 /* LayerUITests.xctest */ = {isa = PBXFileReference; explicitFileType = wrapper.cfbundle; includeInIndex = 0; path = LayerUITests.xctest; sourceTree = BUILT_PRODUCTS_DIR; };
/* End PBXFileReference section */

/* Begin PBXFileSystemSynchronizedBuildFileExceptionSet section */
		481C80D62D9EF625002B5347 /* Exceptions for "Layer" folder in "Layer" target */ = {
			isa = PBXFileSystemSynchronizedBuildFileExceptionSet;
			membershipExceptions = (
				Info.plist,
			);
			target = 481C7F612D98B22B002B5347 /* Layer */;
		};
/* End PBXFileSystemSynchronizedBuildFileExceptionSet section */

/* Begin PBXFileSystemSynchronizedRootGroup section */
		481C7F642D98B22B002B5347 /* Layer */ = {
			isa = PBXFileSystemSynchronizedRootGroup;
			exceptions = (
				481C80D62D9EF625002B5347 /* Exceptions for "Layer" folder in "Layer" target */,
			);
			path = Layer;
			sourceTree = "<group>";
		};
		481C7F752D98B234002B5347 /* LayerTests */ = {
			isa = PBXFileSystemSynchronizedRootGroup;
			path = LayerTests;
			sourceTree = "<group>";
		};
		481C7F7F2D98B234002B5347 /* LayerUITests */ = {
			isa = PBXFileSystemSynchronizedRootGroup;
			path = LayerUITests;
			sourceTree = "<group>";
		};
/* End PBXFileSystemSynchronizedRootGroup section */

/* Begin PBXFrameworksBuildPhase section */
		481C7F5F2D98B22B002B5347 /* Frameworks */ = {
			isa = PBXFrameworksBuildPhase;
			buildActionMask = 2147483647;
			files = (
				481C801F2D9E5C15002B5347 /* FirebaseFirestore in Frameworks */,
				481C801D2D9E5C07002B5347 /* FirebaseAuth in Frameworks */,
				481C80212D9E5C3C002B5347 /* FirebaseStorage in Frameworks */,
			);
			runOnlyForDeploymentPostprocessing = 0;
		};
		481C7F6F2D98B234002B5347 /* Frameworks */ = {
			isa = PBXFrameworksBuildPhase;
			buildActionMask = 2147483647;
			files = (
			);
			runOnlyForDeploymentPostprocessing = 0;
		};
		481C7F792D98B234002B5347 /* Frameworks */ = {
			isa = PBXFrameworksBuildPhase;
			buildActionMask = 2147483647;
			files = (
			);
			runOnlyForDeploymentPostprocessing = 0;
		};
/* End PBXFrameworksBuildPhase section */

/* Begin PBXGroup section */
		481C7F592D98B22B002B5347 = {
			isa = PBXGroup;
			children = (
				481C7F642D98B22B002B5347 /* Layer */,
				481C7F752D98B234002B5347 /* LayerTests */,
				481C7F7F2D98B234002B5347 /* LayerUITests */,
				481C80172D9E5AE2002B5347 /* Frameworks */,
				481C7F632D98B22B002B5347 /* Products */,
			);
			sourceTree = "<group>";
		};
		481C7F632D98B22B002B5347 /* Products */ = {
			isa = PBXGroup;
			children = (
				481C7F622D98B22B002B5347 /* Layer.app */,
				481C7F722D98B234002B5347 /* LayerTests.xctest */,
				481C7F7C2D98B234002B5347 /* LayerUITests.xctest */,
			);
			name = Products;
			sourceTree = "<group>";
		};
		481C80172D9E5AE2002B5347 /* Frameworks */ = {
			isa = PBXGroup;
			children = (
			);
			name = Frameworks;
			sourceTree = "<group>";
		};
/* End PBXGroup section */

/* Begin PBXNativeTarget section */
		481C7F612D98B22B002B5347 /* Layer */ = {
			isa = PBXNativeTarget;
			buildConfigurationList = 481C7F862D98B234002B5347 /* Build configuration list for PBXNativeTarget "Layer" */;
			buildPhases = (
				481C7F5E2D98B22B002B5347 /* Sources */,
				481C7F5F2D98B22B002B5347 /* Frameworks */,
				481C7F602D98B22B002B5347 /* Resources */,
			);
			buildRules = (
			);
			dependencies = (
			);
			fileSystemSynchronizedGroups = (
				481C7F642D98B22B002B5347 /* Layer */,
			);
			name = Layer;
			packageProductDependencies = (
				481C801C2D9E5C07002B5347 /* FirebaseAuth */,
				481C801E2D9E5C15002B5347 /* FirebaseFirestore */,
				481C80202D9E5C3C002B5347 /* FirebaseStorage */,
			);
			productName = Layer;
			productReference = 481C7F622D98B22B002B5347 /* Layer.app */;
			productType = "com.apple.product-type.application";
		};
		481C7F712D98B234002B5347 /* LayerTests */ = {
			isa = PBXNativeTarget;
			buildConfigurationList = 481C7F892D98B234002B5347 /* Build configuration list for PBXNativeTarget "LayerTests" */;
			buildPhases = (
				481C7F6E2D98B234002B5347 /* Sources */,
				481C7F6F2D98B234002B5347 /* Frameworks */,
				481C7F702D98B234002B5347 /* Resources */,
			);
			buildRules = (
			);
			dependencies = (
				481C7F742D98B234002B5347 /* PBXTargetDependency */,
			);
			fileSystemSynchronizedGroups = (
				481C7F752D98B234002B5347 /* LayerTests */,
			);
			name = LayerTests;
			packageProductDependencies = (
			);
			productName = LayerTests;
			productReference = 481C7F722D98B234002B5347 /* LayerTests.xctest */;
			productType = "com.apple.product-type.bundle.unit-test";
		};
		481C7F7B2D98B234002B5347 /* LayerUITests */ = {
			isa = PBXNativeTarget;
			buildConfigurationList = 481C7F8C2D98B234002B5347 /* Build configuration list for PBXNativeTarget "LayerUITests" */;
			buildPhases = (
				481C7F782D98B234002B5347 /* Sources */,
				481C7F792D98B234002B5347 /* Frameworks */,
				481C7F7A2D98B234002B5347 /* Resources */,
			);
			buildRules = (
			);
			dependencies = (
				481C7F7E2D98B234002B5347 /* PBXTargetDependency */,
			);
			fileSystemSynchronizedGroups = (
				481C7F7F2D98B234002B5347 /* LayerUITests */,
			);
			name = LayerUITests;
			packageProductDependencies = (
			);
			productName = LayerUITests;
			productReference = 481C7F7C2D98B234002B5347 /* LayerUITests.xctest */;
			productType = "com.apple.product-type.bundle.ui-testing";
		};
/* End PBXNativeTarget section */

/* Begin PBXProject section */
		481C7F5A2D98B22B002B5347 /* Project object */ = {
			isa = PBXProject;
			attributes = {
				BuildIndependentTargetsInParallel = 1;
				LastSwiftUpdateCheck = 1610;
				LastUpgradeCheck = 1610;
				TargetAttributes = {
					481C7F612D98B22B002B5347 = {
						CreatedOnToolsVersion = 16.1;
					};
					481C7F712D98B234002B5347 = {
						CreatedOnToolsVersion = 16.1;
						TestTargetID = 481C7F612D98B22B002B5347;
					};
					481C7F7B2D98B234002B5347 = {
						CreatedOnToolsVersion = 16.1;
						TestTargetID = 481C7F612D98B22B002B5347;
					};
				};
			};
			buildConfigurationList = 481C7F5D2D98B22B002B5347 /* Build configuration list for PBXProject "Layer" */;
			developmentRegion = en;
			hasScannedForEncodings = 0;
			knownRegions = (
				en,
				Base,
			);
			mainGroup = 481C7F592D98B22B002B5347;
			minimizedProjectReferenceProxies = 1;
			packageReferences = (
				481C80162D9E5ABC002B5347 /* XCRemoteSwiftPackageReference "firebase-ios-sdk" */,
			);
			preferredProjectObjectVersion = 77;
			productRefGroup = 481C7F632D98B22B002B5347 /* Products */;
			projectDirPath = "";
			projectRoot = "";
			targets = (
				481C7F612D98B22B002B5347 /* Layer */,
				481C7F712D98B234002B5347 /* LayerTests */,
				481C7F7B2D98B234002B5347 /* LayerUITests */,
			);
		};
/* End PBXProject section */

/* Begin PBXResourcesBuildPhase section */
		481C7F602D98B22B002B5347 /* Resources */ = {
			isa = PBXResourcesBuildPhase;
			buildActionMask = 2147483647;
			files = (
			);
			runOnlyForDeploymentPostprocessing = 0;
		};
		481C7F702D98B234002B5347 /* Resources */ = {
			isa = PBXResourcesBuildPhase;
			buildActionMask = 2147483647;
			files = (
			);
			runOnlyForDeploymentPostprocessing = 0;
		};
		481C7F7A2D98B234002B5347 /* Resources */ = {
			isa = PBXResourcesBuildPhase;
			buildActionMask = 2147483647;
			files = (
			);
			runOnlyForDeploymentPostprocessing = 0;
		};
/* End PBXResourcesBuildPhase section */

/* Begin PBXSourcesBuildPhase section */
		481C7F5E2D98B22B002B5347 /* Sources */ = {
			isa = PBXSourcesBuildPhase;
			buildActionMask = 2147483647;
			files = (
			);
			runOnlyForDeploymentPostprocessing = 0;
		};
		481C7F6E2D98B234002B5347 /* Sources */ = {
			isa = PBXSourcesBuildPhase;
			buildActionMask = 2147483647;
			files = (
			);
			runOnlyForDeploymentPostprocessing = 0;
		};
		481C7F782D98B234002B5347 /* Sources */ = {
			isa = PBXSourcesBuildPhase;
			buildActionMask = 2147483647;
			files = (
			);
			runOnlyForDeploymentPostprocessing = 0;
		};
/* End PBXSourcesBuildPhase section */

/* Begin PBXTargetDependency section */
		481C7F742D98B234002B5347 /* PBXTargetDependency */ = {
			isa = PBXTargetDependency;
			target = 481C7F612D98B22B002B5347 /* Layer */;
			targetProxy = 481C7F732D98B234002B5347 /* PBXContainerItemProxy */;
		};
		481C7F7E2D98B234002B5347 /* PBXTargetDependency */ = {
			isa = PBXTargetDependency;
			target = 481C7F612D98B22B002B5347 /* Layer */;
			targetProxy = 481C7F7D2D98B234002B5347 /* PBXContainerItemProxy */;
		};
/* End PBXTargetDependency section */

/* Begin XCBuildConfiguration section */
		481C7F842D98B234002B5347 /* Debug */ = {
			isa = XCBuildConfiguration;
			buildSettings = {
				ALWAYS_SEARCH_USER_PATHS = NO;
				ASSETCATALOG_COMPILER_GENERATE_SWIFT_ASSET_SYMBOL_EXTENSIONS = YES;
				CLANG_ANALYZER_NONNULL = YES;
				CLANG_ANALYZER_NUMBER_OBJECT_CONVERSION = YES_AGGRESSIVE;
				CLANG_CXX_LANGUAGE_STANDARD = "gnu++20";
				CLANG_ENABLE_MODULES = YES;
				CLANG_ENABLE_OBJC_ARC = YES;
				CLANG_ENABLE_OBJC_WEAK = YES;
				CLANG_WARN_BLOCK_CAPTURE_AUTORELEASING = YES;
				CLANG_WARN_BOOL_CONVERSION = YES;
				CLANG_WARN_COMMA = YES;
				CLANG_WARN_CONSTANT_CONVERSION = YES;
				CLANG_WARN_DEPRECATED_OBJC_IMPLEMENTATIONS = YES;
				CLANG_WARN_DIRECT_OBJC_ISA_USAGE = YES_ERROR;
				CLANG_WARN_DOCUMENTATION_COMMENTS = YES;
				CLANG_WARN_EMPTY_BODY = YES;
				CLANG_WARN_ENUM_CONVERSION = YES;
				CLANG_WARN_INFINITE_RECURSION = YES;
				CLANG_WARN_INT_CONVERSION = YES;
				CLANG_WARN_NON_LITERAL_NULL_CONVERSION = YES;
				CLANG_WARN_OBJC_IMPLICIT_RETAIN_SELF = YES;
				CLANG_WARN_OBJC_LITERAL_CONVERSION = YES;
				CLANG_WARN_OBJC_ROOT_CLASS = YES_ERROR;
				CLANG_WARN_QUOTED_INCLUDE_IN_FRAMEWORK_HEADER = YES;
				CLANG_WARN_RANGE_LOOP_ANALYSIS = YES;
				CLANG_WARN_STRICT_PROTOTYPES = YES;
				CLANG_WARN_SUSPICIOUS_MOVE = YES;
				CLANG_WARN_UNGUARDED_AVAILABILITY = YES_AGGRESSIVE;
				CLANG_WARN_UNREACHABLE_CODE = YES;
				CLANG_WARN__DUPLICATE_METHOD_MATCH = YES;
				COPY_PHASE_STRIP = NO;
				DEBUG_INFORMATION_FORMAT = dwarf;
				ENABLE_STRICT_OBJC_MSGSEND = YES;
				ENABLE_TESTABILITY = YES;
				ENABLE_USER_SCRIPT_SANDBOXING = YES;
				GCC_C_LANGUAGE_STANDARD = gnu17;
				GCC_DYNAMIC_NO_PIC = NO;
				GCC_NO_COMMON_BLOCKS = YES;
				GCC_OPTIMIZATION_LEVEL = 0;
				GCC_PREPROCESSOR_DEFINITIONS = (
					"DEBUG=1",
					"$(inherited)",
				);
				GCC_WARN_64_TO_32_BIT_CONVERSION = YES;
				GCC_WARN_ABOUT_RETURN_TYPE = YES_ERROR;
				GCC_WARN_UNDECLARED_SELECTOR = YES;
				GCC_WARN_UNINITIALIZED_AUTOS = YES_AGGRESSIVE;
				GCC_WARN_UNUSED_FUNCTION = YES;
				GCC_WARN_UNUSED_VARIABLE = YES;
				IPHONEOS_DEPLOYMENT_TARGET = 18.1;
				LOCALIZATION_PREFERS_STRING_CATALOGS = YES;
				MTL_ENABLE_DEBUG_INFO = INCLUDE_SOURCE;
				MTL_FAST_MATH = YES;
				ONLY_ACTIVE_ARCH = YES;
				SDKROOT = iphoneos;
				SWIFT_ACTIVE_COMPILATION_CONDITIONS = "DEBUG $(inherited)";
				SWIFT_OPTIMIZATION_LEVEL = "-Onone";
			};
			name = Debug;
		};
		481C7F852D98B234002B5347 /* Release */ = {
			isa = XCBuildConfiguration;
			buildSettings = {
				ALWAYS_SEARCH_USER_PATHS = NO;
				ASSETCATALOG_COMPILER_GENERATE_SWIFT_ASSET_SYMBOL_EXTENSIONS = YES;
				CLANG_ANALYZER_NONNULL = YES;
				CLANG_ANALYZER_NUMBER_OBJECT_CONVERSION = YES_AGGRESSIVE;
				CLANG_CXX_LANGUAGE_STANDARD = "gnu++20";
				CLANG_ENABLE_MODULES = YES;
				CLANG_ENABLE_OBJC_ARC = YES;
				CLANG_ENABLE_OBJC_WEAK = YES;
				CLANG_WARN_BLOCK_CAPTURE_AUTORELEASING = YES;
				CLANG_WARN_BOOL_CONVERSION = YES;
				CLANG_WARN_COMMA = YES;
				CLANG_WARN_CONSTANT_CONVERSION = YES;
				CLANG_WARN_DEPRECATED_OBJC_IMPLEMENTATIONS = YES;
				CLANG_WARN_DIRECT_OBJC_ISA_USAGE = YES_ERROR;
				CLANG_WARN_DOCUMENTATION_COMMENTS = YES;
				CLANG_WARN_EMPTY_BODY = YES;
				CLANG_WARN_ENUM_CONVERSION = YES;
				CLANG_WARN_INFINITE_RECURSION = YES;
				CLANG_WARN_INT_CONVERSION = YES;
				CLANG_WARN_NON_LITERAL_NULL_CONVERSION = YES;
				CLANG_WARN_OBJC_IMPLICIT_RETAIN_SELF = YES;
				CLANG_WARN_OBJC_LITERAL_CONVERSION = YES;
				CLANG_WARN_OBJC_ROOT_CLASS = YES_ERROR;
				CLANG_WARN_QUOTED_INCLUDE_IN_FRAMEWORK_HEADER = YES;
				CLANG_WARN_RANGE_LOOP_ANALYSIS = YES;
				CLANG_WARN_STRICT_PROTOTYPES = YES;
				CLANG_WARN_SUSPICIOUS_MOVE = YES;
				CLANG_WARN_UNGUARDED_AVAILABILITY = YES_AGGRESSIVE;
				CLANG_WARN_UNREACHABLE_CODE = YES;
				CLANG_WARN__DUPLICATE_METHOD_MATCH = YES;
				COPY_PHASE_STRIP = NO;
				DEBUG_INFORMATION_FORMAT = "dwarf-with-dsym";
				ENABLE_NS_ASSERTIONS = NO;
				ENABLE_STRICT_OBJC_MSGSEND = YES;
				ENABLE_USER_SCRIPT_SANDBOXING = YES;
				GCC_C_LANGUAGE_STANDARD = gnu17;
				GCC_NO_COMMON_BLOCKS = YES;
				GCC_WARN_64_TO_32_BIT_CONVERSION = YES;
				GCC_WARN_ABOUT_RETURN_TYPE = YES_ERROR;
				GCC_WARN_UNDECLARED_SELECTOR = YES;
				GCC_WARN_UNINITIALIZED_AUTOS = YES_AGGRESSIVE;
				GCC_WARN_UNUSED_FUNCTION = YES;
				GCC_WARN_UNUSED_VARIABLE = YES;
				IPHONEOS_DEPLOYMENT_TARGET = 18.1;
				LOCALIZATION_PREFERS_STRING_CATALOGS = YES;
				MTL_ENABLE_DEBUG_INFO = NO;
				MTL_FAST_MATH = YES;
				SDKROOT = iphoneos;
				SWIFT_COMPILATION_MODE = wholemodule;
				VALIDATE_PRODUCT = YES;
			};
			name = Release;
		};
		481C7F872D98B234002B5347 /* Debug */ = {
			isa = XCBuildConfiguration;
			buildSettings = {
				ASSETCATALOG_COMPILER_APPICON_NAME = AppIcon;
				ASSETCATALOG_COMPILER_GLOBAL_ACCENT_COLOR_NAME = AccentColor;
				CODE_SIGN_STYLE = Automatic;
				CURRENT_PROJECT_VERSION = 1;
				DEVELOPMENT_ASSET_PATHS = "\"Layer/Preview Content\"";
				DEVELOPMENT_TEAM = HT8386D936;
				ENABLE_PREVIEWS = YES;
				GENERATE_INFOPLIST_FILE = YES;
				INFOPLIST_FILE = Layer/Info.plist;
				INFOPLIST_KEY_NSPhotoLibraryAddUsageDescription = "スクリーンショットを保存します";
				INFOPLIST_KEY_UIApplicationSceneManifest_Generation = YES;
				INFOPLIST_KEY_UIApplicationSupportsIndirectInputEvents = YES;
				INFOPLIST_KEY_UILaunchScreen_Generation = YES;
				INFOPLIST_KEY_UISupportedInterfaceOrientations = "UIInterfaceOrientationLandscapeLeft UIInterfaceOrientationLandscapeRight UIInterfaceOrientationPortrait UIInterfaceOrientationPortraitUpsideDown";
				LD_RUNPATH_SEARCH_PATHS = (
					"$(inherited)",
					"@executable_path/Frameworks",
				);
				MARKETING_VERSION = 1.0;
				PRODUCT_BUNDLE_IDENTIFIER = jp.mugi.Layer;
				PRODUCT_NAME = "$(TARGET_NAME)";
				SWIFT_EMIT_LOC_STRINGS = YES;
				SWIFT_VERSION = 5.0;
				TARGETED_DEVICE_FAMILY = "1,2";
			};
			name = Debug;
		};
		481C7F882D98B234002B5347 /* Release */ = {
			isa = XCBuildConfiguration;
			buildSettings = {
				ASSETCATALOG_COMPILER_APPICON_NAME = AppIcon;
				ASSETCATALOG_COMPILER_GLOBAL_ACCENT_COLOR_NAME = AccentColor;
				CODE_SIGN_STYLE = Automatic;
				CURRENT_PROJECT_VERSION = 1;
				DEVELOPMENT_ASSET_PATHS = "\"Layer/Preview Content\"";
				DEVELOPMENT_TEAM = HT8386D936;
				ENABLE_PREVIEWS = YES;
				GENERATE_INFOPLIST_FILE = YES;
				INFOPLIST_FILE = Layer/Info.plist;
				INFOPLIST_KEY_NSPhotoLibraryAddUsageDescription = "スクリーンショットを保存します";
				INFOPLIST_KEY_UIApplicationSceneManifest_Generation = YES;
				INFOPLIST_KEY_UIApplicationSupportsIndirectInputEvents = YES;
				INFOPLIST_KEY_UILaunchScreen_Generation = YES;
				INFOPLIST_KEY_UISupportedInterfaceOrientations = "UIInterfaceOrientationLandscapeLeft UIInterfaceOrientationLandscapeRight UIInterfaceOrientationPortrait UIInterfaceOrientationPortraitUpsideDown";
				LD_RUNPATH_SEARCH_PATHS = (
					"$(inherited)",
					"@executable_path/Frameworks",
				);
				MARKETING_VERSION = 1.0;
				PRODUCT_BUNDLE_IDENTIFIER = jp.mugi.Layer;
				PRODUCT_NAME = "$(TARGET_NAME)";
				SWIFT_EMIT_LOC_STRINGS = YES;
				SWIFT_VERSION = 5.0;
				TARGETED_DEVICE_FAMILY = "1,2";
			};
			name = Release;
		};
		481C7F8A2D98B234002B5347 /* Debug */ = {
			isa = XCBuildConfiguration;
			buildSettings = {
				BUNDLE_LOADER = "$(TEST_HOST)";
				CODE_SIGN_STYLE = Automatic;
				CURRENT_PROJECT_VERSION = 1;
				DEVELOPMENT_TEAM = HT8386D936;
				GENERATE_INFOPLIST_FILE = YES;
				IPHONEOS_DEPLOYMENT_TARGET = 18.1;
				MARKETING_VERSION = 1.0;
				PRODUCT_BUNDLE_IDENTIFIER = jp.mugi.LayerTests;
				PRODUCT_NAME = "$(TARGET_NAME)";
				SWIFT_EMIT_LOC_STRINGS = NO;
				SWIFT_VERSION = 5.0;
				TARGETED_DEVICE_FAMILY = "1,2";
				TEST_HOST = "$(BUILT_PRODUCTS_DIR)/Layer.app/$(BUNDLE_EXECUTABLE_FOLDER_PATH)/Layer";
			};
			name = Debug;
		};
		481C7F8B2D98B234002B5347 /* Release */ = {
			isa = XCBuildConfiguration;
			buildSettings = {
				BUNDLE_LOADER = "$(TEST_HOST)";
				CODE_SIGN_STYLE = Automatic;
				CURRENT_PROJECT_VERSION = 1;
				DEVELOPMENT_TEAM = HT8386D936;
				GENERATE_INFOPLIST_FILE = YES;
				IPHONEOS_DEPLOYMENT_TARGET = 18.1;
				MARKETING_VERSION = 1.0;
				PRODUCT_BUNDLE_IDENTIFIER = jp.mugi.LayerTests;
				PRODUCT_NAME = "$(TARGET_NAME)";
				SWIFT_EMIT_LOC_STRINGS = NO;
				SWIFT_VERSION = 5.0;
				TARGETED_DEVICE_FAMILY = "1,2";
				TEST_HOST = "$(BUILT_PRODUCTS_DIR)/Layer.app/$(BUNDLE_EXECUTABLE_FOLDER_PATH)/Layer";
			};
			name = Release;
		};
		481C7F8D2D98B234002B5347 /* Debug */ = {
			isa = XCBuildConfiguration;
			buildSettings = {
				CODE_SIGN_STYLE = Automatic;
				CURRENT_PROJECT_VERSION = 1;
				DEVELOPMENT_TEAM = HT8386D936;
				GENERATE_INFOPLIST_FILE = YES;
				MARKETING_VERSION = 1.0;
				PRODUCT_BUNDLE_IDENTIFIER = jp.mugi.LayerUITests;
				PRODUCT_NAME = "$(TARGET_NAME)";
				SWIFT_EMIT_LOC_STRINGS = NO;
				SWIFT_VERSION = 5.0;
				TARGETED_DEVICE_FAMILY = "1,2";
				TEST_TARGET_NAME = Layer;
			};
			name = Debug;
		};
		481C7F8E2D98B234002B5347 /* Release */ = {
			isa = XCBuildConfiguration;
			buildSettings = {
				CODE_SIGN_STYLE = Automatic;
				CURRENT_PROJECT_VERSION = 1;
				DEVELOPMENT_TEAM = HT8386D936;
				GENERATE_INFOPLIST_FILE = YES;
				MARKETING_VERSION = 1.0;
				PRODUCT_BUNDLE_IDENTIFIER = jp.mugi.LayerUITests;
				PRODUCT_NAME = "$(TARGET_NAME)";
				SWIFT_EMIT_LOC_STRINGS = NO;
				SWIFT_VERSION = 5.0;
				TARGETED_DEVICE_FAMILY = "1,2";
				TEST_TARGET_NAME = Layer;
			};
			name = Release;
		};
/* End XCBuildConfiguration section */

/* Begin XCConfigurationList section */
		481C7F5D2D98B22B002B5347 /* Build configuration list for PBXProject "Layer" */ = {
			isa = XCConfigurationList;
			buildConfigurations = (
				481C7F842D98B234002B5347 /* Debug */,
				481C7F852D98B234002B5347 /* Release */,
			);
			defaultConfigurationIsVisible = 0;
			defaultConfigurationName = Release;
		};
		481C7F862D98B234002B5347 /* Build configuration list for PBXNativeTarget "Layer" */ = {
			isa = XCConfigurationList;
			buildConfigurations = (
				481C7F872D98B234002B5347 /* Debug */,
				481C7F882D98B234002B5347 /* Release */,
			);
			defaultConfigurationIsVisible = 0;
			defaultConfigurationName = Release;
		};
		481C7F892D98B234002B5347 /* Build configuration list for PBXNativeTarget "LayerTests" */ = {
			isa = XCConfigurationList;
			buildConfigurations = (
				481C7F8A2D98B234002B5347 /* Debug */,
				481C7F8B2D98B234002B5347 /* Release */,
			);
			defaultConfigurationIsVisible = 0;
			defaultConfigurationName = Release;
		};
		481C7F8C2D98B234002B5347 /* Build configuration list for PBXNativeTarget "LayerUITests" */ = {
			isa = XCConfigurationList;
			buildConfigurations = (
				481C7F8D2D98B234002B5347 /* Debug */,
				481C7F8E2D98B234002B5347 /* Release */,
			);
			defaultConfigurationIsVisible = 0;
			defaultConfigurationName = Release;
		};
/* End XCConfigurationList section */

/* Begin XCRemoteSwiftPackageReference section */
		481C80162D9E5ABC002B5347 /* XCRemoteSwiftPackageReference "firebase-ios-sdk" */ = {
			isa = XCRemoteSwiftPackageReference;
			repositoryURL = "https://github.com/firebase/firebase-ios-sdk";
			requirement = {
				kind = upToNextMajorVersion;
				minimumVersion = 11.11.0;
			};
		};
/* End XCRemoteSwiftPackageReference section */

/* Begin XCSwiftPackageProductDependency section */
		481C801C2D9E5C07002B5347 /* FirebaseAuth */ = {
			isa = XCSwiftPackageProductDependency;
			package = 481C80162D9E5ABC002B5347 /* XCRemoteSwiftPackageReference "firebase-ios-sdk" */;
			productName = FirebaseAuth;
		};
		481C801E2D9E5C15002B5347 /* FirebaseFirestore */ = {
			isa = XCSwiftPackageProductDependency;
			package = 481C80162D9E5ABC002B5347 /* XCRemoteSwiftPackageReference "firebase-ios-sdk" */;
			productName = FirebaseFirestore;
		};
		481C80202D9E5C3C002B5347 /* FirebaseStorage */ = {
			isa = XCSwiftPackageProductDependency;
			package = 481C80162D9E5ABC002B5347 /* XCRemoteSwiftPackageReference "firebase-ios-sdk" */;
			productName = FirebaseStorage;
		};
/* End XCSwiftPackageProductDependency section */
	};
	rootObject = 481C7F5A2D98B22B002B5347 /* Project object */;
}
